{
  "requires": true,
  "lockfileVersion": 1,
  "dependencies": {
    "pitchfinder": {
      "version": "2.1.0",
      "resolved": "https://registry.npmjs.org/pitchfinder/-/pitchfinder-2.1.0.tgz",
      "integrity": "sha512-uoTGVkS062JngVZTgnJnRl2nfhKI+cO4UYaN6k+zlh/mICzK7e4O2BnZ43ymrRsmY+5ic5P92r72lM6JFPLUWw=="
    }
  }
}
